
Microsoft Visual Studio Solution File, Format Version 12.00
# Visual Studio 15
VisualStudioVersion = 15.0.26730.12
MinimumVisualStudioVersion = 10.0.40219.1
Project("{FAE04EC0-301F-11D3-BF4B-00C04F79EFBC}") = "Written For Errors 1", "Written For Errors 1\Written For Errors 1.csproj", "{4623FA62-1B9B-483F-B945-8BCE51BF50F0}"
EndProject
Global
	GlobalSection(SolutionConfigurationPlatforms) = preSolution
		Debug|Any CPU = Debug|Any CPU
		Release|Any CPU = Release|Any CPU
	EndGlobalSection
	GlobalSection(ProjectConfigurationPlatforms) = postSolution
		{4623FA62-1B9B-483F-B945-8BCE51BF50F0}.Debug|Any CPU.ActiveCfg = Debug|Any CPU
		{4623FA62-1B9B-483F-B945-8BCE51BF50F0}.Debug|Any CPU.Build.0 = Debug|Any CPU
		{4623FA62-1B9B-483F-B945-8BCE51BF50F0}.Release|Any CPU.ActiveCfg = Release|Any CPU
		{4623FA62-1B9B-483F-B945-8BCE51BF50F0}.Release|Any CPU.Build.0 = Release|Any CPU
	EndGlobalSection
	GlobalSection(SolutionProperties) = preSolution
		HideSolutionNode = FALSE
	EndGlobalSection
	GlobalSection(ExtensibilityGlobals) = postSolution
		SolutionGuid = {004CA664-E35D-478E-B419-FC6D43133BBC}
	EndGlobalSection
EndGlobal
